
Microsoft Visual Studio Solution File, Format Version 12.00
# Visual Studio Version 16
VisualStudioVersion = 16.0.30011.22
MinimumVisualStudioVersion = 10.0.40219.1
Project("{FAE04EC0-301F-11D3-BF4B-00C04F79EFBC}") = "FriendOrganizer.UI", "FriendOrganizer.UI\FriendOrganizer.UI.csproj", "{4AE4248C-96D2-431D-BF25-9640A3B47DC0}"
EndProject
Project("{FAE04EC0-301F-11D3-BF4B-00C04F79EFBC}") = "FriendOrganizer.DataAccess", "FriendOrganizer.DataAccess\FriendOrganizer.DataAccess.csproj", "{A79B643B-6F97-41FB-B345-8EB806DC5F3C}"
EndProject
Project("{FAE04EC0-301F-11D3-BF4B-00C04F79EFBC}") = "FriendOrganizer.Model", "FriendOrganizer.Model\FriendOrganizer.Model.csproj", "{1810261C-7D1C-493D-AE65-8CA09212DB99}"
EndProject
Global
	GlobalSection(SolutionConfigurationPlatforms) = preSolution
		Debug|Any CPU = Debug|Any CPU
		Release|Any CPU = Release|Any CPU
	EndGlobalSection
	GlobalSection(ProjectConfigurationPlatforms) = postSolution
		{4AE4248C-96D2-431D-BF25-9640A3B47DC0}.Debug|Any CPU.ActiveCfg = Debug|Any CPU
		{4AE4248C-96D2-431D-BF25-9640A3B47DC0}.Debug|Any CPU.Build.0 = Debug|Any CPU
		{4AE4248C-96D2-431D-BF25-9640A3B47DC0}.Release|Any CPU.ActiveCfg = Release|Any CPU
		{4AE4248C-96D2-431D-BF25-9640A3B47DC0}.Release|Any CPU.Build.0 = Release|Any CPU
		{A79B643B-6F97-41FB-B345-8EB806DC5F3C}.Debug|Any CPU.ActiveCfg = Debug|Any CPU
		{A79B643B-6F97-41FB-B345-8EB806DC5F3C}.Debug|Any CPU.Build.0 = Debug|Any CPU
		{A79B643B-6F97-41FB-B345-8EB806DC5F3C}.Release|Any CPU.ActiveCfg = Release|Any CPU
		{A79B643B-6F97-41FB-B345-8EB806DC5F3C}.Release|Any CPU.Build.0 = Release|Any CPU
		{1810261C-7D1C-493D-AE65-8CA09212DB99}.Debug|Any CPU.ActiveCfg = Debug|Any CPU
		{1810261C-7D1C-493D-AE65-8CA09212DB99}.Debug|Any CPU.Build.0 = Debug|Any CPU
		{1810261C-7D1C-493D-AE65-8CA09212DB99}.Release|Any CPU.ActiveCfg = Release|Any CPU
		{1810261C-7D1C-493D-AE65-8CA09212DB99}.Release|Any CPU.Build.0 = Release|Any CPU
	EndGlobalSection
	GlobalSection(SolutionProperties) = preSolution
		HideSolutionNode = FALSE
	EndGlobalSection
	GlobalSection(ExtensibilityGlobals) = postSolution
		SolutionGuid = {BC2B1D90-B2C7-4F86-A39C-3990D9AA5BE1}
	EndGlobalSection
EndGlobal
